{
  "name": "joplin-ace-indent-test",
  "version": "1.0.0",
  "lockfileVersion": 1,
  "requires": true,
  "dependencies": {
    "ace": {
      "version": "git+https://github.com/ajaxorg/ace.git#c6aa009c9fd12822222b36a81387d91c60c6e8d2",
      "from": "git+https://github.com/ajaxorg/ace.git"
    },
    "amd-loader": {
      "version": "0.0.8",
      "resolved": "https://registry.npmjs.org/amd-loader/-/amd-loader-0.0.8.tgz",
      "integrity": "sha1-ECKSgEDlZ+jmpvtYvaBS+BkYkgY="
    }
  }
}
